
Microsoft Visual Studio Solution File, Format Version 12.00
# Visual Studio Version 17
VisualStudioVersion = 17.3.32929.385
MinimumVisualStudioVersion = 10.0.40219.1
Project("{FAE04EC0-301F-11D3-BF4B-00C04F79EFBC}") = "Vowels_Consonents", "Vowels_Consonents\Vowels_Consonents.csproj", "{E76AD1B3-E8F1-447F-A4B7-067068ED2304}"
EndProject
Global
	GlobalSection(SolutionConfigurationPlatforms) = preSolution
		Debug|Any CPU = Debug|Any CPU
		Release|Any CPU = Release|Any CPU
	EndGlobalSection
	GlobalSection(ProjectConfigurationPlatforms) = postSolution
		{E76AD1B3-E8F1-447F-A4B7-067068ED2304}.Debug|Any CPU.ActiveCfg = Debug|Any CPU
		{E76AD1B3-E8F1-447F-A4B7-067068ED2304}.Debug|Any CPU.Build.0 = Debug|Any CPU
		{E76AD1B3-E8F1-447F-A4B7-067068ED2304}.Release|Any CPU.ActiveCfg = Release|Any CPU
		{E76AD1B3-E8F1-447F-A4B7-067068ED2304}.Release|Any CPU.Build.0 = Release|Any CPU
	EndGlobalSection
	GlobalSection(SolutionProperties) = preSolution
		HideSolutionNode = FALSE
	EndGlobalSection
	GlobalSection(ExtensibilityGlobals) = postSolution
		SolutionGuid = {1429C1FF-C05D-4940-95DD-D228AA8AA50F}
	EndGlobalSection
EndGlobal
